
Microsoft Visual Studio Solution File, Format Version 12.00
# Visual Studio 16
Project("{FAE04EC0-301F-11D3-BF4B-00C04F79EFBC}") = "Assembly-CSharp", "Assembly-CSharp.csproj", "{9E10C8F1-10B9-06A5-CA54-FC6964196AFB}"
EndProject
Project("{FAE04EC0-301F-11D3-BF4B-00C04F79EFBC}") = "Assembly-CSharp-Editor", "Assembly-CSharp-Editor.csproj", "{81B2B4C0-035D-4B94-5761-A4D3F984B68B}"
EndProject
Project("{FAE04EC0-301F-11D3-BF4B-00C04F79EFBC}") = "Assembly-CSharp-Editor-firstpass", "Assembly-CSharp-Editor-firstpass.csproj", "{CEB491A3-80E9-DBD1-781C-F586C02A4752}"
EndProject
Global
	GlobalSection(SolutionConfigurationPlatforms) = preSolution
		Debug|Any CPU = Debug|Any CPU
		Release|Any CPU = Release|Any CPU
	EndGlobalSection
	GlobalSection(ProjectConfigurationPlatforms) = postSolution
		{9E10C8F1-10B9-06A5-CA54-FC6964196AFB}.Debug|Any CPU.ActiveCfg = Debug|Any CPU
		{9E10C8F1-10B9-06A5-CA54-FC6964196AFB}.Debug|Any CPU.Build.0 = Debug|Any CPU
		{9E10C8F1-10B9-06A5-CA54-FC6964196AFB}.Release|Any CPU.ActiveCfg = Release|Any CPU
		{9E10C8F1-10B9-06A5-CA54-FC6964196AFB}.Release|Any CPU.Build.0 = Release|Any CPU
		{81B2B4C0-035D-4B94-5761-A4D3F984B68B}.Debug|Any CPU.ActiveCfg = Debug|Any CPU
		{81B2B4C0-035D-4B94-5761-A4D3F984B68B}.Debug|Any CPU.Build.0 = Debug|Any CPU
		{81B2B4C0-035D-4B94-5761-A4D3F984B68B}.Release|Any CPU.ActiveCfg = Release|Any CPU
		{81B2B4C0-035D-4B94-5761-A4D3F984B68B}.Release|Any CPU.Build.0 = Release|Any CPU
		{CEB491A3-80E9-DBD1-781C-F586C02A4752}.Debug|Any CPU.ActiveCfg = Debug|Any CPU
		{CEB491A3-80E9-DBD1-781C-F586C02A4752}.Debug|Any CPU.Build.0 = Debug|Any CPU
		{CEB491A3-80E9-DBD1-781C-F586C02A4752}.Release|Any CPU.ActiveCfg = Release|Any CPU
		{CEB491A3-80E9-DBD1-781C-F586C02A4752}.Release|Any CPU.Build.0 = Release|Any CPU
	EndGlobalSection
	GlobalSection(SolutionProperties) = preSolution
		HideSolutionNode = FALSE
	EndGlobalSection
EndGlobal
